
Microsoft Visual Studio Solution File, Format Version 12.00
# Visual Studio Version 17
VisualStudioVersion = 17.9.34728.123
MinimumVisualStudioVersion = 10.0.40219.1
Project("{FAE04EC0-301F-11D3-BF4B-00C04F79EFBC}") = "GUI", "GUI\GUI.csproj", "{19B48F71-0969-47DC-8F4C-0DFB026208E1}"
EndProject
Project("{FAE04EC0-301F-11D3-BF4B-00C04F79EFBC}") = "Repositories", "Repositories\Repositories.csproj", "{FD1E0364-E6E2-4677-A29C-B1D24816C8FB}"
EndProject
Project("{FAE04EC0-301F-11D3-BF4B-00C04F79EFBC}") = "Services", "Services\Services.csproj", "{84767379-A5FC-4AC7-AE64-E6671EE6FA90}"
EndProject
Global
	GlobalSection(SolutionConfigurationPlatforms) = preSolution
		Debug|Any CPU = Debug|Any CPU
		Release|Any CPU = Release|Any CPU
	EndGlobalSection
	GlobalSection(ProjectConfigurationPlatforms) = postSolution
		{19B48F71-0969-47DC-8F4C-0DFB026208E1}.Debug|Any CPU.ActiveCfg = Debug|Any CPU
		{19B48F71-0969-47DC-8F4C-0DFB026208E1}.Debug|Any CPU.Build.0 = Debug|Any CPU
		{19B48F71-0969-47DC-8F4C-0DFB026208E1}.Release|Any CPU.ActiveCfg = Release|Any CPU
		{19B48F71-0969-47DC-8F4C-0DFB026208E1}.Release|Any CPU.Build.0 = Release|Any CPU
		{FD1E0364-E6E2-4677-A29C-B1D24816C8FB}.Debug|Any CPU.ActiveCfg = Debug|Any CPU
		{FD1E0364-E6E2-4677-A29C-B1D24816C8FB}.Debug|Any CPU.Build.0 = Debug|Any CPU
		{FD1E0364-E6E2-4677-A29C-B1D24816C8FB}.Release|Any CPU.ActiveCfg = Release|Any CPU
		{FD1E0364-E6E2-4677-A29C-B1D24816C8FB}.Release|Any CPU.Build.0 = Release|Any CPU
		{84767379-A5FC-4AC7-AE64-E6671EE6FA90}.Debug|Any CPU.ActiveCfg = Debug|Any CPU
		{84767379-A5FC-4AC7-AE64-E6671EE6FA90}.Debug|Any CPU.Build.0 = Debug|Any CPU
		{84767379-A5FC-4AC7-AE64-E6671EE6FA90}.Release|Any CPU.ActiveCfg = Release|Any CPU
		{84767379-A5FC-4AC7-AE64-E6671EE6FA90}.Release|Any CPU.Build.0 = Release|Any CPU
	EndGlobalSection
	GlobalSection(SolutionProperties) = preSolution
		HideSolutionNode = FALSE
	EndGlobalSection
	GlobalSection(ExtensibilityGlobals) = postSolution
		SolutionGuid = {F1680AD8-508E-471A-8B9C-1394705730F0}
	EndGlobalSection
EndGlobal
